// !$*UTF8*$!
{
	archiveVersion = 1;
	classes = {
	};
	objectVersion = 56;
	objects = {

/* Begin PBXBuildFile section */
		C596AAF52C6D9C70006ABB77 /* AppDelegate.swift in Sources */ = {isa = PBXBuildFile; fileRef = C596AAF42C6D9C70006ABB77 /* AppDelegate.swift */; };
		C596AAF72C6D9C70006ABB77 /* SceneDelegate.swift in Sources */ = {isa = PBXBuildFile; fileRef = C596AAF62C6D9C70006ABB77 /* SceneDelegate.swift */; };
		C596AAF92C6D9C70006ABB77 /* ViewController.swift in Sources */ = {isa = PBXBuildFile; fileRef = C596AAF82C6D9C70006ABB77 /* ViewController.swift */; };
		C596AAFC2C6D9C70006ABB77 /* Base in Resources */ = {isa = PBXBuildFile; fileRef = C596AAFB2C6D9C70006ABB77 /* Base */; };
		C596AAFE2C6D9C71006ABB77 /* Assets.xcassets in Resources */ = {isa = PBXBuildFile; fileRef = C596AAFD2C6D9C71006ABB77 /* Assets.xcassets */; };
		C596AB012C6D9C71006ABB77 /* Base in Resources */ = {isa = PBXBuildFile; fileRef = C596AB002C6D9C71006ABB77 /* Base */; };
		C596AB0C2C6D9C71006ABB77 /* CalculationExampleTests.swift in Sources */ = {isa = PBXBuildFile; fileRef = C596AB0B2C6D9C71006ABB77 /* CalculationExampleTests.swift */; };
		C596AB162C6D9C71006ABB77 /* CalculationExampleUITests.swift in Sources */ = {isa = PBXBuildFile; fileRef = C596AB152C6D9C71006ABB77 /* CalculationExampleUITests.swift */; };
		C596AB182C6D9C71006ABB77 /* CalculationExampleUITestsLaunchTests.swift in Sources */ = {isa = PBXBuildFile; fileRef = C596AB172C6D9C71006ABB77 /* CalculationExampleUITestsLaunchTests.swift */; };
/* End PBXBuildFile section */

/* Begin PBXContainerItemProxy section */
		C596AB082C6D9C71006ABB77 /* PBXContainerItemProxy */ = {
			isa = PBXContainerItemProxy;
			containerPortal = C596AAE92C6D9C70006ABB77 /* Project object */;
			proxyType = 1;
			remoteGlobalIDString = C596AAF02C6D9C70006ABB77;
			remoteInfo = CalculationExample;
		};
		C596AB122C6D9C71006ABB77 /* PBXContainerItemProxy */ = {
			isa = PBXContainerItemProxy;
			containerPortal = C596AAE92C6D9C70006ABB77 /* Project object */;
			proxyType = 1;
			remoteGlobalIDString = C596AAF02C6D9C70006ABB77;
			remoteInfo = CalculationExample;
		};
/* End PBXContainerItemProxy section */

/* Begin PBXFileReference section */
		C596AAF12C6D9C70006ABB77 /* CalculationExample.app */ = {isa = PBXFileReference; explicitFileType = wrapper.application; includeInIndex = 0; path = CalculationExample.app; sourceTree = BUILT_PRODUCTS_DIR; };
		C596AAF42C6D9C70006ABB77 /* AppDelegate.swift */ = {isa = PBXFileReference; lastKnownFileType = sourcecode.swift; path = AppDelegate.swift; sourceTree = "<group>"; };
		C596AAF62C6D9C70006ABB77 /* SceneDelegate.swift */ = {isa = PBXFileReference; lastKnownFileType = sourcecode.swift; path = SceneDelegate.swift; sourceTree = "<group>"; };
		C596AAF82C6D9C70006ABB77 /* ViewController.swift */ = {isa = PBXFileReference; lastKnownFileType = sourcecode.swift; path = ViewController.swift; sourceTree = "<group>"; };
		C596AAFB2C6D9C70006ABB77 /* Base */ = {isa = PBXFileReference; lastKnownFileType = file.storyboard; name = Base; path = Base.lproj/Main.storyboard; sourceTree = "<group>"; };
		C596AAFD2C6D9C71006ABB77 /* Assets.xcassets */ = {isa = PBXFileReference; lastKnownFileType = folder.assetcatalog; path = Assets.xcassets; sourceTree = "<group>"; };
		C596AB002C6D9C71006ABB77 /* Base */ = {isa = PBXFileReference; lastKnownFileType = file.storyboard; name = Base; path = Base.lproj/LaunchScreen.storyboard; sourceTree = "<group>"; };
		C596AB022C6D9C71006ABB77 /* Info.plist */ = {isa = PBXFileReference; lastKnownFileType = text.plist.xml; path = Info.plist; sourceTree = "<group>"; };
		C596AB072C6D9C71006ABB77 /* CalculationExampleTests.xctest */ = {isa = PBXFileReference; explicitFileType = wrapper.cfbundle; includeInIndex = 0; path = CalculationExampleTests.xctest; sourceTree = BUILT_PRODUCTS_DIR; };
		C596AB0B2C6D9C71006ABB77 /* CalculationExampleTests.swift */ = {isa = PBXFileReference; lastKnownFileType = sourcecode.swift; path = CalculationExampleTests.swift; sourceTree = "<group>"; };
		C596AB112C6D9C71006ABB77 /* CalculationExampleUITests.xctest */ = {isa = PBXFileReference; explicitFileType = wrapper.cfbundle; includeInIndex = 0; path = CalculationExampleUITests.xctest; sourceTree = BUILT_PRODUCTS_DIR; };
		C596AB152C6D9C71006ABB77 /* CalculationExampleUITests.swift */ = {isa = PBXFileReference; lastKnownFileType = sourcecode.swift; path = CalculationExampleUITests.swift; sourceTree = "<group>"; };
		C596AB172C6D9C71006ABB77 /* CalculationExampleUITestsLaunchTests.swift */ = {isa = PBXFileReference; lastKnownFileType = sourcecode.swift; path = CalculationExampleUITestsLaunchTests.swift; sourceTree = "<group>"; };
/* End PBXFileReference section */

/* Begin PBXFrameworksBuildPhase section */
		C596AAEE2C6D9C70006ABB77 /* Frameworks */ = {
			isa = PBXFrameworksBuildPhase;
			buildActionMask = 2147483647;
			files = (
			);
			runOnlyForDeploymentPostprocessing = 0;
		};
		C596AB042C6D9C71006ABB77 /* Frameworks */ = {
			isa = PBXFrameworksBuildPhase;
			buildActionMask = 2147483647;
			files = (
			);
			runOnlyForDeploymentPostprocessing = 0;
		};
		C596AB0E2C6D9C71006ABB77 /* Frameworks */ = {
			isa = PBXFrameworksBuildPhase;
			buildActionMask = 2147483647;
			files = (
			);
			runOnlyForDeploymentPostprocessing = 0;
		};
/* End PBXFrameworksBuildPhase section */

/* Begin PBXGroup section */
		C596AAE82C6D9C70006ABB77 = {
			isa = PBXGroup;
			children = (
				C596AAF32C6D9C70006ABB77 /* CalculationExample */,
				C596AB0A2C6D9C71006ABB77 /* CalculationExampleTests */,
				C596AB142C6D9C71006ABB77 /* CalculationExampleUITests */,
				C596AAF22C6D9C70006ABB77 /* Products */,
			);
			sourceTree = "<group>";
		};
		C596AAF22C6D9C70006ABB77 /* Products */ = {
			isa = PBXGroup;
			children = (
				C596AAF12C6D9C70006ABB77 /* CalculationExample.app */,
				C596AB072C6D9C71006ABB77 /* CalculationExampleTests.xctest */,
				C596AB112C6D9C71006ABB77 /* CalculationExampleUITests.xctest */,
			);
			name = Products;
			sourceTree = "<group>";
		};
		C596AAF32C6D9C70006ABB77 /* CalculationExample */ = {
			isa = PBXGroup;
			children = (
				C596AAF42C6D9C70006ABB77 /* AppDelegate.swift */,
				C596AAF62C6D9C70006ABB77 /* SceneDelegate.swift */,
				C596AAF82C6D9C70006ABB77 /* ViewController.swift */,
				C596AAFA2C6D9C70006ABB77 /* Main.storyboard */,
				C596AAFD2C6D9C71006ABB77 /* Assets.xcassets */,
				C596AAFF2C6D9C71006ABB77 /* LaunchScreen.storyboard */,
				C596AB022C6D9C71006ABB77 /* Info.plist */,
			);
			path = CalculationExample;
			sourceTree = "<group>";
		};
		C596AB0A2C6D9C71006ABB77 /* CalculationExampleTests */ = {
			isa = PBXGroup;
			children = (
				C596AB0B2C6D9C71006ABB77 /* CalculationExampleTests.swift */,
			);
			path = CalculationExampleTests;
			sourceTree = "<group>";
		};
		C596AB142C6D9C71006ABB77 /* CalculationExampleUITests */ = {
			isa = PBXGroup;
			children = (
				C596AB152C6D9C71006ABB77 /* CalculationExampleUITests.swift */,
				C596AB172C6D9C71006ABB77 /* CalculationExampleUITestsLaunchTests.swift */,
			);
			path = CalculationExampleUITests;
			sourceTree = "<group>";
		};
/* End PBXGroup section */

/* Begin PBXNativeTarget section */
		C596AAF02C6D9C70006ABB77 /* CalculationExample */ = {
			isa = PBXNativeTarget;
			buildConfigurationList = C596AB1B2C6D9C71006ABB77 /* Build configuration list for PBXNativeTarget "CalculationExample" */;
			buildPhases = (
				C596AAED2C6D9C70006ABB77 /* Sources */,
				C596AAEE2C6D9C70006ABB77 /* Frameworks */,
				C596AAEF2C6D9C70006ABB77 /* Resources */,
			);
			buildRules = (
			);
			dependencies = (
			);
			name = CalculationExample;
			productName = CalculationExample;
			productReference = C596AAF12C6D9C70006ABB77 /* CalculationExample.app */;
			productType = "com.apple.product-type.application";
		};
		C596AB062C6D9C71006ABB77 /* CalculationExampleTests */ = {
			isa = PBXNativeTarget;
			buildConfigurationList = C596AB1E2C6D9C71006ABB77 /* Build configuration list for PBXNativeTarget "CalculationExampleTests" */;
			buildPhases = (
				C596AB032C6D9C71006ABB77 /* Sources */,
				C596AB042C6D9C71006ABB77 /* Frameworks */,
				C596AB052C6D9C71006ABB77 /* Resources */,
			);
			buildRules = (
			);
			dependencies = (
				C596AB092C6D9C71006ABB77 /* PBXTargetDependency */,
			);
			name = CalculationExampleTests;
			productName = CalculationExampleTests;
			productReference = C596AB072C6D9C71006ABB77 /* CalculationExampleTests.xctest */;
			productType = "com.apple.product-type.bundle.unit-test";
		};
		C596AB102C6D9C71006ABB77 /* CalculationExampleUITests */ = {
			isa = PBXNativeTarget;
			buildConfigurationList = C596AB212C6D9C71006ABB77 /* Build configuration list for PBXNativeTarget "CalculationExampleUITests" */;
			buildPhases = (
				C596AB0D2C6D9C71006ABB77 /* Sources */,
				C596AB0E2C6D9C71006ABB77 /* Frameworks */,
				C596AB0F2C6D9C71006ABB77 /* Resources */,
			);
			buildRules = (
			);
			dependencies = (
				C596AB132C6D9C71006ABB77 /* PBXTargetDependency */,
			);
			name = CalculationExampleUITests;
			productName = CalculationExampleUITests;
			productReference = C596AB112C6D9C71006ABB77 /* CalculationExampleUITests.xctest */;
			productType = "com.apple.product-type.bundle.ui-testing";
		};
/* End PBXNativeTarget section */

/* Begin PBXProject section */
		C596AAE92C6D9C70006ABB77 /* Project object */ = {
			isa = PBXProject;
			attributes = {
				BuildIndependentTargetsInParallel = 1;
				LastSwiftUpdateCheck = 1540;
				LastUpgradeCheck = 1540;
				TargetAttributes = {
					C596AAF02C6D9C70006ABB77 = {
						CreatedOnToolsVersion = 15.4;
					};
					C596AB062C6D9C71006ABB77 = {
						CreatedOnToolsVersion = 15.4;
						TestTargetID = C596AAF02C6D9C70006ABB77;
					};
					C596AB102C6D9C71006ABB77 = {
						CreatedOnToolsVersion = 15.4;
						TestTargetID = C596AAF02C6D9C70006ABB77;
					};
				};
			};
			buildConfigurationList = C596AAEC2C6D9C70006ABB77 /* Build configuration list for PBXProject "CalculationExample" */;
			compatibilityVersion = "Xcode 14.0";
			developmentRegion = en;
			hasScannedForEncodings = 0;
			knownRegions = (
				en,
				Base,
			);
			mainGroup = C596AAE82C6D9C70006ABB77;
			productRefGroup = C596AAF22C6D9C70006ABB77 /* Products */;
			projectDirPath = "";
			projectRoot = "";
			targets = (
				C596AAF02C6D9C70006ABB77 /* CalculationExample */,
				C596AB062C6D9C71006ABB77 /* CalculationExampleTests */,
				C596AB102C6D9C71006ABB77 /* CalculationExampleUITests */,
			);
		};
/* End PBXProject section */

/* Begin PBXResourcesBuildPhase section */
		C596AAEF2C6D9C70006ABB77 /* Resources */ = {
			isa = PBXResourcesBuildPhase;
			buildActionMask = 2147483647;
			files = (
				C596AAFE2C6D9C71006ABB77 /* Assets.xcassets in Resources */,
				C596AB012C6D9C71006ABB77 /* Base in Resources */,
				C596AAFC2C6D9C70006ABB77 /* Base in Resources */,
			);
			runOnlyForDeploymentPostprocessing = 0;
		};
		C596AB052C6D9C71006ABB77 /* Resources */ = {
			isa = PBXResourcesBuildPhase;
			buildActionMask = 2147483647;
			files = (
			);
			runOnlyForDeploymentPostprocessing = 0;
		};
		C596AB0F2C6D9C71006ABB77 /* Resources */ = {
			isa = PBXResourcesBuildPhase;
			buildActionMask = 2147483647;
			files = (
			);
			runOnlyForDeploymentPostprocessing = 0;
		};
/* End PBXResourcesBuildPhase section */

/* Begin PBXSourcesBuildPhase section */
		C596AAED2C6D9C70006ABB77 /* Sources */ = {
			isa = PBXSourcesBuildPhase;
			buildActionMask = 2147483647;
			files = (
				C596AAF92C6D9C70006ABB77 /* ViewController.swift in Sources */,
				C596AAF52C6D9C70006ABB77 /* AppDelegate.swift in Sources */,
				C596AAF72C6D9C70006ABB77 /* SceneDelegate.swift in Sources */,
			);
			runOnlyForDeploymentPostprocessing = 0;
		};
		C596AB032C6D9C71006ABB77 /* Sources */ = {
			isa = PBXSourcesBuildPhase;
			buildActionMask = 2147483647;
			files = (
				C596AB0C2C6D9C71006ABB77 /* CalculationExampleTests.swift in Sources */,
			);
			runOnlyForDeploymentPostprocessing = 0;
		};
		C596AB0D2C6D9C71006ABB77 /* Sources */ = {
			isa = PBXSourcesBuildPhase;
			buildActionMask = 2147483647;
			files = (
				C596AB162C6D9C71006ABB77 /* CalculationExampleUITests.swift in Sources */,
				C596AB182C6D9C71006ABB77 /* CalculationExampleUITestsLaunchTests.swift in Sources */,
			);
			runOnlyForDeploymentPostprocessing = 0;
		};
/* End PBXSourcesBuildPhase section */

/* Begin PBXTargetDependency section */
		C596AB092C6D9C71006ABB77 /* PBXTargetDependency */ = {
			isa = PBXTargetDependency;
			target = C596AAF02C6D9C70006ABB77 /* CalculationExample */;
			targetProxy = C596AB082C6D9C71006ABB77 /* PBXContainerItemProxy */;
		};
		C596AB132C6D9C71006ABB77 /* PBXTargetDependency */ = {
			isa = PBXTargetDependency;
			target = C596AAF02C6D9C70006ABB77 /* CalculationExample */;
			targetProxy = C596AB122C6D9C71006ABB77 /* PBXContainerItemProxy */;
		};
/* End PBXTargetDependency section */

/* Begin PBXVariantGroup section */
		C596AAFA2C6D9C70006ABB77 /* Main.storyboard */ = {
			isa = PBXVariantGroup;
			children = (
				C596AAFB2C6D9C70006ABB77 /* Base */,
			);
			name = Main.storyboard;
			sourceTree = "<group>";
		};
		C596AAFF2C6D9C71006ABB77 /* LaunchScreen.storyboard */ = {
			isa = PBXVariantGroup;
			children = (
				C596AB002C6D9C71006ABB77 /* Base */,
			);
			name = LaunchScreen.storyboard;
			sourceTree = "<group>";
		};
/* End PBXVariantGroup section */

/* Begin XCBuildConfiguration section */
		C596AB192C6D9C71006ABB77 /* Debug */ = {
			isa = XCBuildConfiguration;
			buildSettings = {
				ALWAYS_SEARCH_USER_PATHS = NO;
				ASSETCATALOG_COMPILER_GENERATE_SWIFT_ASSET_SYMBOL_EXTENSIONS = YES;
				CLANG_ANALYZER_NONNULL = YES;
				CLANG_ANALYZER_NUMBER_OBJECT_CONVERSION = YES_AGGRESSIVE;
				CLANG_CXX_LANGUAGE_STANDARD = "gnu++20";
				CLANG_ENABLE_MODULES = YES;
				CLANG_ENABLE_OBJC_ARC = YES;
				CLANG_ENABLE_OBJC_WEAK = YES;
				CLANG_WARN_BLOCK_CAPTURE_AUTORELEASING = YES;
				CLANG_WARN_BOOL_CONVERSION = YES;
				CLANG_WARN_COMMA = YES;
				CLANG_WARN_CONSTANT_CONVERSION = YES;
				CLANG_WARN_DEPRECATED_OBJC_IMPLEMENTATIONS = YES;
				CLANG_WARN_DIRECT_OBJC_ISA_USAGE = YES_ERROR;
				CLANG_WARN_DOCUMENTATION_COMMENTS = YES;
				CLANG_WARN_EMPTY_BODY = YES;
				CLANG_WARN_ENUM_CONVERSION = YES;
				CLANG_WARN_INFINITE_RECURSION = YES;
				CLANG_WARN_INT_CONVERSION = YES;
				CLANG_WARN_NON_LITERAL_NULL_CONVERSION = YES;
				CLANG_WARN_OBJC_IMPLICIT_RETAIN_SELF = YES;
				CLANG_WARN_OBJC_LITERAL_CONVERSION = YES;
				CLANG_WARN_OBJC_ROOT_CLASS = YES_ERROR;
				CLANG_WARN_QUOTED_INCLUDE_IN_FRAMEWORK_HEADER = YES;
				CLANG_WARN_RANGE_LOOP_ANALYSIS = YES;
				CLANG_WARN_STRICT_PROTOTYPES = YES;
				CLANG_WARN_SUSPICIOUS_MOVE = YES;
				CLANG_WARN_UNGUARDED_AVAILABILITY = YES_AGGRESSIVE;
				CLANG_WARN_UNREACHABLE_CODE = YES;
				CLANG_WARN__DUPLICATE_METHOD_MATCH = YES;
				COPY_PHASE_STRIP = NO;
				DEBUG_INFORMATION_FORMAT = dwarf;
				ENABLE_STRICT_OBJC_MSGSEND = YES;
				ENABLE_TESTABILITY = YES;
				ENABLE_USER_SCRIPT_SANDBOXING = YES;
				GCC_C_LANGUAGE_STANDARD = gnu17;
				GCC_DYNAMIC_NO_PIC = NO;
				GCC_NO_COMMON_BLOCKS = YES;
				GCC_OPTIMIZATION_LEVEL = 0;
				GCC_PREPROCESSOR_DEFINITIONS = (
					"DEBUG=1",
					"$(inherited)",
				);
				GCC_WARN_64_TO_32_BIT_CONVERSION = YES;
				GCC_WARN_ABOUT_RETURN_TYPE = YES_ERROR;
				GCC_WARN_UNDECLARED_SELECTOR = YES;
				GCC_WARN_UNINITIALIZED_AUTOS = YES_AGGRESSIVE;
				GCC_WARN_UNUSED_FUNCTION = YES;
				GCC_WARN_UNUSED_VARIABLE = YES;
				IPHONEOS_DEPLOYMENT_TARGET = 17.5;
				LOCALIZATION_PREFERS_STRING_CATALOGS = YES;
				MTL_ENABLE_DEBUG_INFO = INCLUDE_SOURCE;
				MTL_FAST_MATH = YES;
				ONLY_ACTIVE_ARCH = YES;
				SDKROOT = iphoneos;
				SWIFT_ACTIVE_COMPILATION_CONDITIONS = "DEBUG $(inherited)";
				SWIFT_OPTIMIZATION_LEVEL = "-Onone";
			};
			name = Debug;
		};
		C596AB1A2C6D9C71006ABB77 /* Release */ = {
			isa = XCBuildConfiguration;
			buildSettings = {
				ALWAYS_SEARCH_USER_PATHS = NO;
				ASSETCATALOG_COMPILER_GENERATE_SWIFT_ASSET_SYMBOL_EXTENSIONS = YES;
				CLANG_ANALYZER_NONNULL = YES;
				CLANG_ANALYZER_NUMBER_OBJECT_CONVERSION = YES_AGGRESSIVE;
				CLANG_CXX_LANGUAGE_STANDARD = "gnu++20";
				CLANG_ENABLE_MODULES = YES;
				CLANG_ENABLE_OBJC_ARC = YES;
				CLANG_ENABLE_OBJC_WEAK = YES;
				CLANG_WARN_BLOCK_CAPTURE_AUTORELEASING = YES;
				CLANG_WARN_BOOL_CONVERSION = YES;
				CLANG_WARN_COMMA = YES;
				CLANG_WARN_CONSTANT_CONVERSION = YES;
				CLANG_WARN_DEPRECATED_OBJC_IMPLEMENTATIONS = YES;
				CLANG_WARN_DIRECT_OBJC_ISA_USAGE = YES_ERROR;
				CLANG_WARN_DOCUMENTATION_COMMENTS = YES;
				CLANG_WARN_EMPTY_BODY = YES;
				CLANG_WARN_ENUM_CONVERSION = YES;
				CLANG_WARN_INFINITE_RECURSION = YES;
				CLANG_WARN_INT_CONVERSION = YES;
				CLANG_WARN_NON_LITERAL_NULL_CONVERSION = YES;
				CLANG_WARN_OBJC_IMPLICIT_RETAIN_SELF = YES;
				CLANG_WARN_OBJC_LITERAL_CONVERSION = YES;
				CLANG_WARN_OBJC_ROOT_CLASS = YES_ERROR;
				CLANG_WARN_QUOTED_INCLUDE_IN_FRAMEWORK_HEADER = YES;
				CLANG_WARN_RANGE_LOOP_ANALYSIS = YES;
				CLANG_WARN_STRICT_PROTOTYPES = YES;
				CLANG_WARN_SUSPICIOUS_MOVE = YES;
				CLANG_WARN_UNGUARDED_AVAILABILITY = YES_AGGRESSIVE;
				CLANG_WARN_UNREACHABLE_CODE = YES;
				CLANG_WARN__DUPLICATE_METHOD_MATCH = YES;
				COPY_PHASE_STRIP = NO;
				DEBUG_INFORMATION_FORMAT = "dwarf-with-dsym";
				ENABLE_NS_ASSERTIONS = NO;
				ENABLE_STRICT_OBJC_MSGSEND = YES;
				ENABLE_USER_SCRIPT_SANDBOXING = YES;
				GCC_C_LANGUAGE_STANDARD = gnu17;
				GCC_NO_COMMON_BLOCKS = YES;
				GCC_WARN_64_TO_32_BIT_CONVERSION = YES;
				GCC_WARN_ABOUT_RETURN_TYPE = YES_ERROR;
				GCC_WARN_UNDECLARED_SELECTOR = YES;
				GCC_WARN_UNINITIALIZED_AUTOS = YES_AGGRESSIVE;
				GCC_WARN_UNUSED_FUNCTION = YES;
				GCC_WARN_UNUSED_VARIABLE = YES;
				IPHONEOS_DEPLOYMENT_TARGET = 17.5;
				LOCALIZATION_PREFERS_STRING_CATALOGS = YES;
				MTL_ENABLE_DEBUG_INFO = NO;
				MTL_FAST_MATH = YES;
				SDKROOT = iphoneos;
				SWIFT_COMPILATION_MODE = wholemodule;
				VALIDATE_PRODUCT = YES;
			};
			name = Release;
		};
		C596AB1C2C6D9C71006ABB77 /* Debug */ = {
			isa = XCBuildConfiguration;
			buildSettings = {
				ASSETCATALOG_COMPILER_APPICON_NAME = AppIcon;
				ASSETCATALOG_COMPILER_GLOBAL_ACCENT_COLOR_NAME = AccentColor;
				CODE_SIGN_STYLE = Automatic;
				CURRENT_PROJECT_VERSION = 1;
				GENERATE_INFOPLIST_FILE = YES;
				INFOPLIST_FILE = CalculationExample/Info.plist;
				INFOPLIST_KEY_CFBundleDisplayName = Calculation;
				INFOPLIST_KEY_UIApplicationSupportsIndirectInputEvents = YES;
				INFOPLIST_KEY_UILaunchStoryboardName = LaunchScreen;
				INFOPLIST_KEY_UIMainStoryboardFile = Main;
				INFOPLIST_KEY_UISupportedInterfaceOrientations_iPad = "UIInterfaceOrientationPortrait UIInterfaceOrientationPortraitUpsideDown UIInterfaceOrientationLandscapeLeft UIInterfaceOrientationLandscapeRight";
				INFOPLIST_KEY_UISupportedInterfaceOrientations_iPhone = "UIInterfaceOrientationPortrait UIInterfaceOrientationLandscapeLeft UIInterfaceOrientationLandscapeRight";
				LD_RUNPATH_SEARCH_PATHS = (
					"$(inherited)",
					"@executable_path/Frameworks",
				);
				MARKETING_VERSION = 1.0;
				PRODUCT_BUNDLE_IDENTIFIER = edu.kathford.CalculationExample;
				PRODUCT_NAME = "$(TARGET_NAME)";
				SWIFT_EMIT_LOC_STRINGS = YES;
				SWIFT_VERSION = 5.0;
				TARGETED_DEVICE_FAMILY = "1,2";
			};
			name = Debug;
		};
		C596AB1D2C6D9C71006ABB77 /* Release */ = {
			isa = XCBuildConfiguration;
			buildSettings = {
				ASSETCATALOG_COMPILER_APPICON_NAME = AppIcon;
				ASSETCATALOG_COMPILER_GLOBAL_ACCENT_COLOR_NAME = AccentColor;
				CODE_SIGN_STYLE = Automatic;
				CURRENT_PROJECT_VERSION = 1;
				GENERATE_INFOPLIST_FILE = YES;
				INFOPLIST_FILE = CalculationExample/Info.plist;
				INFOPLIST_KEY_CFBundleDisplayName = Calculation;
				INFOPLIST_KEY_UIApplicationSupportsIndirectInputEvents = YES;
				INFOPLIST_KEY_UILaunchStoryboardName = LaunchScreen;
				INFOPLIST_KEY_UIMainStoryboardFile = Main;
				INFOPLIST_KEY_UISupportedInterfaceOrientations_iPad = "UIInterfaceOrientationPortrait UIInterfaceOrientationPortraitUpsideDown UIInterfaceOrientationLandscapeLeft UIInterfaceOrientationLandscapeRight";
				INFOPLIST_KEY_UISupportedInterfaceOrientations_iPhone = "UIInterfaceOrientationPortrait UIInterfaceOrientationLandscapeLeft UIInterfaceOrientationLandscapeRight";
				LD_RUNPATH_SEARCH_PATHS = (
					"$(inherited)",
					"@executable_path/Frameworks",
				);
				MARKETING_VERSION = 1.0;
				PRODUCT_BUNDLE_IDENTIFIER = edu.kathford.CalculationExample;
				PRODUCT_NAME = "$(TARGET_NAME)";
				SWIFT_EMIT_LOC_STRINGS = YES;
				SWIFT_VERSION = 5.0;
				TARGETED_DEVICE_FAMILY = "1,2";
			};
			name = Release;
		};
		C596AB1F2C6D9C71006ABB77 /* Debug */ = {
			isa = XCBuildConfiguration;
			buildSettings = {
				ALWAYS_EMBED_SWIFT_STANDARD_LIBRARIES = YES;
				BUNDLE_LOADER = "$(TEST_HOST)";
				CODE_SIGN_STYLE = Automatic;
				CURRENT_PROJECT_VERSION = 1;
				GENERATE_INFOPLIST_FILE = YES;
				IPHONEOS_DEPLOYMENT_TARGET = 17.5;
				MARKETING_VERSION = 1.0;
				PRODUCT_BUNDLE_IDENTIFIER = edu.kathford.CalculationExampleTests;
				PRODUCT_NAME = "$(TARGET_NAME)";
				SWIFT_EMIT_LOC_STRINGS = NO;
				SWIFT_VERSION = 5.0;
				TARGETED_DEVICE_FAMILY = "1,2";
				TEST_HOST = "$(BUILT_PRODUCTS_DIR)/CalculationExample.app/$(BUNDLE_EXECUTABLE_FOLDER_PATH)/CalculationExample";
			};
			name = Debug;
		};
		C596AB202C6D9C71006ABB77 /* Release */ = {
			isa = XCBuildConfiguration;
			buildSettings = {
				ALWAYS_EMBED_SWIFT_STANDARD_LIBRARIES = YES;
				BUNDLE_LOADER = "$(TEST_HOST)";
				CODE_SIGN_STYLE = Automatic;
				CURRENT_PROJECT_VERSION = 1;
				GENERATE_INFOPLIST_FILE = YES;
				IPHONEOS_DEPLOYMENT_TARGET = 17.5;
				MARKETING_VERSION = 1.0;
				PRODUCT_BUNDLE_IDENTIFIER = edu.kathford.CalculationExampleTests;
				PRODUCT_NAME = "$(TARGET_NAME)";
				SWIFT_EMIT_LOC_STRINGS = NO;
				SWIFT_VERSION = 5.0;
				TARGETED_DEVICE_FAMILY = "1,2";
				TEST_HOST = "$(BUILT_PRODUCTS_DIR)/CalculationExample.app/$(BUNDLE_EXECUTABLE_FOLDER_PATH)/CalculationExample";
			};
			name = Release;
		};
		C596AB222C6D9C71006ABB77 /* Debug */ = {
			isa = XCBuildConfiguration;
			buildSettings = {
				ALWAYS_EMBED_SWIFT_STANDARD_LIBRARIES = YES;
				CODE_SIGN_STYLE = Automatic;
				CURRENT_PROJECT_VERSION = 1;
				GENERATE_INFOPLIST_FILE = YES;
				MARKETING_VERSION = 1.0;
				PRODUCT_BUNDLE_IDENTIFIER = edu.kathford.CalculationExampleUITests;
				PRODUCT_NAME = "$(TARGET_NAME)";
				SWIFT_EMIT_LOC_STRINGS = NO;
				SWIFT_VERSION = 5.0;
				TARGETED_DEVICE_FAMILY = "1,2";
				TEST_TARGET_NAME = CalculationExample;
			};
			name = Debug;
		};
		C596AB232C6D9C71006ABB77 /* Release */ = {
			isa = XCBuildConfiguration;
			buildSettings = {
				ALWAYS_EMBED_SWIFT_STANDARD_LIBRARIES = YES;
				CODE_SIGN_STYLE = Automatic;
				CURRENT_PROJECT_VERSION = 1;
				GENERATE_INFOPLIST_FILE = YES;
				MARKETING_VERSION = 1.0;
				PRODUCT_BUNDLE_IDENTIFIER = edu.kathford.CalculationExampleUITests;
				PRODUCT_NAME = "$(TARGET_NAME)";
				SWIFT_EMIT_LOC_STRINGS = NO;
				SWIFT_VERSION = 5.0;
				TARGETED_DEVICE_FAMILY = "1,2";
				TEST_TARGET_NAME = CalculationExample;
			};
			name = Release;
		};
/* End XCBuildConfiguration section */

/* Begin XCConfigurationList section */
		C596AAEC2C6D9C70006ABB77 /* Build configuration list for PBXProject "CalculationExample" */ = {
			isa = XCConfigurationList;
			buildConfigurations = (
				C596AB192C6D9C71006ABB77 /* Debug */,
				C596AB1A2C6D9C71006ABB77 /* Release */,
			);
			defaultConfigurationIsVisible = 0;
			defaultConfigurationName = Release;
		};
		C596AB1B2C6D9C71006ABB77 /* Build configuration list for PBXNativeTarget "CalculationExample" */ = {
			isa = XCConfigurationList;
			buildConfigurations = (
				C596AB1C2C6D9C71006ABB77 /* Debug */,
				C596AB1D2C6D9C71006ABB77 /* Release */,
			);
			defaultConfigurationIsVisible = 0;
			defaultConfigurationName = Release;
		};
		C596AB1E2C6D9C71006ABB77 /* Build configuration list for PBXNativeTarget "CalculationExampleTests" */ = {
			isa = XCConfigurationList;
			buildConfigurations = (
				C596AB1F2C6D9C71006ABB77 /* Debug */,
				C596AB202C6D9C71006ABB77 /* Release */,
			);
			defaultConfigurationIsVisible = 0;
			defaultConfigurationName = Release;
		};
		C596AB212C6D9C71006ABB77 /* Build configuration list for PBXNativeTarget "CalculationExampleUITests" */ = {
			isa = XCConfigurationList;
			buildConfigurations = (
				C596AB222C6D9C71006ABB77 /* Debug */,
				C596AB232C6D9C71006ABB77 /* Release */,
			);
			defaultConfigurationIsVisible = 0;
			defaultConfigurationName = Release;
		};
/* End XCConfigurationList section */
	};
	rootObject = C596AAE92C6D9C70006ABB77 /* Project object */;
}
